
Microsoft Visual Studio Solution File, Format Version 12.00
# Visual Studio Version 17
VisualStudioVersion = 17.13.35931.197 d17.13
MinimumVisualStudioVersion = 10.0.40219.1
Project("{FAE04EC0-301F-11D3-BF4B-00C04F79EFBC}") = "Server", "Server\Server.csproj", "{9413A03F-68F8-4CB9-8DEA-B6567C5B1873}"
EndProject
Global
	GlobalSection(SolutionConfigurationPlatforms) = preSolution
		Debug|Any CPU = Debug|Any CPU
		Release|Any CPU = Release|Any CPU
	EndGlobalSection
	GlobalSection(ProjectConfigurationPlatforms) = postSolution
		{9413A03F-68F8-4CB9-8DEA-B6567C5B1873}.Debug|Any CPU.ActiveCfg = Debug|Any CPU
		{9413A03F-68F8-4CB9-8DEA-B6567C5B1873}.Debug|Any CPU.Build.0 = Debug|Any CPU
		{9413A03F-68F8-4CB9-8DEA-B6567C5B1873}.Release|Any CPU.ActiveCfg = Release|Any CPU
		{9413A03F-68F8-4CB9-8DEA-B6567C5B1873}.Release|Any CPU.Build.0 = Release|Any CPU
	EndGlobalSection
	GlobalSection(SolutionProperties) = preSolution
		HideSolutionNode = FALSE
	EndGlobalSection
	GlobalSection(ExtensibilityGlobals) = postSolution
		SolutionGuid = {D4B357E1-2DE6-4486-BAB3-4A2BD1E93AAF}
	EndGlobalSection
EndGlobal
